<?xml version="1.0" encoding="UTF-8" standalone="yes" ?>
<CodeBlocks_project_file>
	<FileVersion major="1" minor="6" />
	<Project>
		<Option title="Navit" />
		<Option pch_mode="2" />
		<Option compiler="gcc" />
		<Build>
			<Target title="Debug">
				<Option output="bin\Debug\Navit" prefix_auto="1" extension_auto="1" />
				<Option object_output="obj\Debug\" />
				<Option external_deps="bin\Debug\libvehicle_file.la;bin\Debug\libdata_binfile.la;bin\Debug\libgtk_graphics.la;bin\Debug\libgtk_gui.la;bin\Debug\libwin32_gui.la" />
				<Option type="1" />
				<Option compiler="gcc" />
				<Option use_console_runner="0" />
				<Compiler>
					<Add option="-g" />
				</Compiler>
				<Linker>
					<Add library="bin\Debug\libfib.a" />
					<Add library="bin\Debug\libvehicle_file.la" />
					<Add library="bin\Debug\libdata_binfile.la" />
					<Add library="bin\Debug\libgtk_graphics.la" />
					<Add library="bin\Debug\libgtk_gui.la" />
					<Add library="bin\Debug\libvehicle_demo.la" />
					<Add library="bin\Debug\libdata_poi_geodownload.la" />
					<Add library="bin\Debug\libmdb.a" />
					<Add library="bin\Debug\libdata_garmin.la" />
					<Add library="bin\Debug\libspeech_speech_dispatcher.la" />
					<Add library="bin\Debug\libdata_mg.la" />
					<Add library="bin\Debug\libdata_textfile.la" />
					<Add library="libgarmin.a" />
					<Add library="bin\Debug\libwin32_gui.la" />
					<Add library="ole32" />
					<Add library="user32" />
					<Add library="gdi32" />
					<Add library="gtk-win32-2.0" />
					<Add library="gdk-win32-2.0" />
					<Add library="gdk_pixbuf-2.0" />
					<Add library="freetype" />
					<Add library="z" />
					<Add library="gobject-2.0" />
					<Add library="gmodule-2.0" />
					<Add library="glib-2.0" />
					<Add library="intl" />
					<Add directory="bin\Debug" />
					<Add directory="." />
					<Add directory="Win32Extra\libgarmin" />
				</Linker>
			</Target>
			<Target title="Release">
				<Option output="bin\Release\Navit" prefix_auto="1" extension_auto="1" />
				<Option object_output="obj\Release\" />
				<Option type="1" />
				<Option compiler="gcc" />
				<Option use_console_runner="0" />
				<Compiler>
					<Add option="-O2" />
				</Compiler>
				<Linker>
					<Add option="-s" />
					<Add library="bin\Release\libfib.a" />
					<Add library="bin\Release\libvehicle_file.la" />
					<Add library="bin\Release\libdata_binfile.la" />
					<Add library="bin\Release\libgtk_graphics.la" />
					<Add library="bin\Release\libvehicle_demo.la" />
					<Add library="bin\Release\libgtk_gui.la" />
					<Add library="bin\Release\libdata_poi_geodownload.la" />
					<Add library="bin\Release\libmdb.a" />
					<Add library="bin\Release\libdata_garmin.la" />
					<Add library="bin\Release\libspeech_speech_dispatcher.la" />
					<Add library="bin\Release\libdata_mg.la" />
					<Add library="bin\Release\libdata_textfile.la" />
					<Add library="bin\Release\libwin32_gui.la" />
					<Add library="libgarmin.a" />
					<Add library="ole32" />
					<Add library="user32" />
					<Add library="gtk-win32-2.0" />
					<Add library="gdk-win32-2.0" />
					<Add library="gdk_pixbuf-2.0" />
					<Add library="freetype" />
					<Add library="z" />
					<Add library="gobject-2.0" />
					<Add library="gmodule-2.0" />
					<Add library="glib-2.0" />
					<Add library="intl" />
					<Add directory="." />
					<Add directory="Win32Extra\libgarmin" />
				</Linker>
			</Target>
		</Build>
		<Compiler>
			<Add option="-Wall" />
			<Add option="-mms-bitfields" />
			<Add option="-DMODULE=Navit" />
			<Add option='-DPREFIX=\&quot;/usr/local\&quot;' />
			<Add directory="%GTK_DIR%\include" />
			<Add directory="%GTK_DIR%\include\gtk-2.0" />
			<Add directory="%GTK_DIR%\include\glib-2.0" />
			<Add directory="%GTK_DIR%\lib\gtk-2.0\include" />
			<Add directory="%GTK_DIR%\lib\glib-2.0\include" />
			<Add directory="%GTK_DIR%\include\cairo" />
			<Add directory="%GTK_DIR%\include\pango-1.0" />
			<Add directory="%GTK_DIR%\include\atk-1.0" />
			<Add directory="..\..\navit" />
			<Add directory="Win32Extra" />
			<Add directory="..\..\navit\fib-1.1" />
			<Add directory="%GTK_DIR%\include\freetype2" />
		</Compiler>
		<Linker>
			<Add directory="%GTK_DIR%\lib" />
		</Linker>
		<Unit filename="Win32Extra\builtin.c">
			<Option compilerVar="CC" />
		</Unit>
		<Unit filename="Win32Extra\config.h" />
		<Unit filename="Win32Extra\serial_io.c">
			<Option compilerVar="CC" />
		</Unit>
		<Unit filename="Win32Extra\serial_io.h" />
		<Unit filename="Win32Extra\setenv.c">
			<Option compilerVar="CC" />
		</Unit>
		<Unit filename="Win32Extra\setenv.h" />
		<Unit filename="Win32Extra\sys\mman.c">
			<Option compilerVar="CC" />
		</Unit>
		<Unit filename="Win32Extra\sys\mman.h" />
		<Unit filename="Win32Extra\wordexp.c">
			<Option compilerVar="CC" />
		</Unit>
		<Unit filename="Win32Extra\wordexp.h" />
		<Unit filename="..\..\navit\Makefile" />
		<Unit filename="..\..\navit\Makefile.am" />
		<Unit filename="..\..\navit\Makefile.in" />
		<Unit filename="..\..\navit\attr.c">
			<Option compilerVar="CC" />
		</Unit>
		<Unit filename="..\..\navit\attr.h" />
		<Unit filename="..\..\navit\attr_def.h" />
		<Unit filename="..\..\navit\callback.c">
			<Option compilerVar="CC" />
		</Unit>
		<Unit filename="..\..\navit\callback.h" />
		<Unit filename="..\..\navit\color.h" />
		<Unit filename="..\..\navit\compass.c">
			<Option compilerVar="CC" />
		</Unit>
		<Unit filename="..\..\navit\compass.h" />
		<Unit filename="..\..\navit\coord.c">
			<Option compilerVar="CC" />
		</Unit>
		<Unit filename="..\..\navit\coord.h" />
		<Unit filename="..\..\navit\country.c">
			<Option compilerVar="CC" />
		</Unit>
		<Unit filename="..\..\navit\country.h" />
		<Unit filename="..\..\navit\cursor.c">
			<Option compilerVar="CC" />
		</Unit>
		<Unit filename="..\..\navit\cursor.h" />
		<Unit filename="..\..\navit\data.h" />
		<Unit filename="..\..\navit\data_window.c">
			<Option compilerVar="CC" />
		</Unit>
		<Unit filename="..\..\navit\data_window.h" />
		<Unit filename="..\..\navit\data_window_int.h" />
		<Unit filename="..\..\navit\debug.c">
			<Option compilerVar="CC" />
		</Unit>
		<Unit filename="..\..\navit\debug.h" />
		<Unit filename="..\..\navit\destination.h" />
		<Unit filename="..\..\navit\draw_info.h" />
		<Unit filename="..\..\navit\file.c">
			<Option compilerVar="CC" />
		</Unit>
		<Unit filename="..\..\navit\file.h" />
		<Unit filename="..\..\navit\graphics.c">
			<Option compilerVar="CC" />
		</Unit>
		<Unit filename="..\..\navit\graphics.h" />
		<Unit filename="..\..\navit\gtkext.h" />
		<Unit filename="..\..\navit\gui.c">
			<Option compilerVar="CC" />
		</Unit>
		<Unit filename="..\..\navit\gui.h" />
		<Unit filename="..\..\navit\gui\gtk\gui_gtk.h" />
		<Unit filename="..\..\navit\item.c">
			<Option compilerVar="CC" />
		</Unit>
		<Unit filename="..\..\navit\item.h" />
		<Unit filename="..\..\navit\item_def.h" />
		<Unit filename="..\..\navit\layer.h" />
		<Unit filename="..\..\navit\layout.c">
			<Option compilerVar="CC" />
		</Unit>
		<Unit filename="..\..\navit\layout.h" />
		<Unit filename="..\..\navit\log.c">
			<Option compilerVar="CC" />
		</Unit>
		<Unit filename="..\..\navit\log.h" />
		<Unit filename="..\..\navit\main.c">
			<Option compilerVar="CC" />
		</Unit>
		<Unit filename="..\..\navit\main.h" />
		<Unit filename="..\..\navit\map-share.h" />
		<Unit filename="..\..\navit\map.c">
			<Option compilerVar="CC" />
		</Unit>
		<Unit filename="..\..\navit\map.h" />
		<Unit filename="..\..\navit\map_data.h" />
		<Unit filename="..\..\navit\mapset.c">
			<Option compilerVar="CC" />
		</Unit>
		<Unit filename="..\..\navit\mapset.h" />
		<Unit filename="..\..\navit\maptype.c">
			<Option compilerVar="CC" />
		</Unit>
		<Unit filename="..\..\navit\maptype.h" />
		<Unit filename="..\..\navit\menu.c">
			<Option compilerVar="CC" />
		</Unit>
		<Unit filename="..\..\navit\menu.h" />
		<Unit filename="..\..\navit\navigation.c">
			<Option compilerVar="CC" />
		</Unit>
		<Unit filename="..\..\navit\navigation.h" />
		<Unit filename="..\..\navit\navit.c">
			<Option compilerVar="CC" />
		</Unit>
		<Unit filename="..\..\navit\navit.h" />
		<Unit filename="..\..\navit\navit.xml" />
		<Unit filename="..\..\navit\osd.c">
			<Option compilerVar="CC" />
		</Unit>
		<Unit filename="..\..\navit\osd.h" />
		<Unit filename="..\..\navit\param.c">
			<Option compilerVar="CC" />
		</Unit>
		<Unit filename="..\..\navit\param.h" />
		<Unit filename="..\..\navit\phrase.c">
			<Option compilerVar="CC" />
		</Unit>
		<Unit filename="..\..\navit\phrase.h" />
		<Unit filename="..\..\navit\plugin.c">
			<Option compilerVar="CC" />
		</Unit>
		<Unit filename="..\..\navit\plugin.h" />
		<Unit filename="..\..\navit\plugin_def.h" />
		<Unit filename="..\..\navit\point.h" />
		<Unit filename="..\..\navit\popup.c">
			<Option compilerVar="CC" />
		</Unit>
		<Unit filename="..\..\navit\popup.h" />
		<Unit filename="..\..\navit\profile.c">
			<Option compilerVar="CC" />
		</Unit>
		<Unit filename="..\..\navit\profile.h" />
		<Unit filename="..\..\navit\projection.h" />
		<Unit filename="..\..\navit\route.c">
			<Option compilerVar="CC" />
		</Unit>
		<Unit filename="..\..\navit\route.h" />
		<Unit filename="..\..\navit\search.c">
			<Option compilerVar="CC" />
		</Unit>
		<Unit filename="..\..\navit\search.h" />
		<Unit filename="..\..\navit\speech.c">
			<Option compilerVar="CC" />
		</Unit>
		<Unit filename="..\..\navit\speech.h" />
		<Unit filename="..\..\navit\statusbar.h" />
		<Unit filename="..\..\navit\track.c">
			<Option compilerVar="CC" />
		</Unit>
		<Unit filename="..\..\navit\track.h" />
		<Unit filename="..\..\navit\transform.c">
			<Option compilerVar="CC" />
		</Unit>
		<Unit filename="..\..\navit\transform.h" />
		<Unit filename="..\..\navit\util.c">
			<Option compilerVar="CC" />
		</Unit>
		<Unit filename="..\..\navit\util.h" />
		<Unit filename="..\..\navit\vehicle.c">
			<Option compilerVar="CC" />
		</Unit>
		<Unit filename="..\..\navit\vehicle.h" />
		<Unit filename="..\..\navit\xmlconfig.c">
			<Option compilerVar="CC" />
		</Unit>
		<Unit filename="..\..\navit\xmlconfig.h" />
		<Unit filename="..\..\navit\zipfile.h" />
		<Extensions>
			<code_completion />
			<envvars />
			<debugger />
		</Extensions>
	</Project>
</CodeBlocks_project_file>
