<?xml version="1.0" encoding="UTF-8" standalone="yes" ?>
<CodeBlocks_project_file>
	<FileVersion major="1" minor="6" />
	<Project>
		<Option title="Osm2Navit" />
		<Option pch_mode="2" />
		<Option compiler="gcc" />
		<Build>
			<Target title="Debug">
				<Option output="bin\Debug\Osm2Navit" prefix_auto="1" extension_auto="1" />
				<Option object_output="obj\osm2navit\Debug\" />
				<Option type="1" />
				<Option compiler="gcc" />
				<Option parameters="--input-file=germany.osm --attr-debug-level=5  germany2.bin" />
				<Compiler>
					<Add option="-g" />
				</Compiler>
				<Linker>
					<Add directory="%GTK_DIR%\lib" />
					<Add directory="bin\Debug" />
				</Linker>
			</Target>
			<Target title="Release">
				<Option output="bin\Release\Osm2Navit" prefix_auto="1" extension_auto="1" />
				<Option object_output="obj\osm2navit\Release\" />
				<Option type="1" />
				<Option compiler="gcc" />
				<Compiler>
					<Add option="-O2" />
				</Compiler>
				<Linker>
					<Add option="-s" />
					<Add directory="%GTK_DIR%\lib" />
					<Add directory="bin\Release" />
				</Linker>
			</Target>
		</Build>
		<Compiler>
			<Add option="-Wall" />
			<Add option="-mms-bitfields -DMODULE=osm2navit" />
			<Add directory="%GTK_DIR%\include\glib-2.0" />
			<Add directory="%GTK_DIR%\lib\glib-2.0\include" />
			<Add directory="%GTK_DIR%\include" />
			<Add directory="Win32Extra" />
			<Add directory="..\..\..\libs\zlib-1.2.3\include" />
		</Compiler>
		<Linker>
			<Add library="user32" />
			<Add library="gtk-win32-2.0" />
			<Add library="gdk-win32-2.0" />
			<Add library="gdk_pixbuf-2.0" />
			<Add library="freetype" />
			<Add library="z" />
			<Add library="gobject-2.0" />
			<Add library="gmodule-2.0" />
			<Add library="glib-2.0" />
			<Add library="intl" />
			<Add library="zdll" />
			<Add directory="%GTK_DIR%\lib" />
			<Add directory="..\..\..\libs\zlib-1.2.3\lib" />
		</Linker>
		<Unit filename="..\..\navit\attr.c">
			<Option compilerVar="CC" />
		</Unit>
		<Unit filename="..\..\navit\attr.h" />
		<Unit filename="..\..\navit\attr_def.h" />
		<Unit filename="..\..\navit\coord.c">
			<Option compilerVar="CC" />
		</Unit>
		<Unit filename="..\..\navit\coord.h" />
		<Unit filename="..\..\navit\country.c">
			<Option compilerVar="CC" />
		</Unit>
		<Unit filename="..\..\navit\country.h" />
		<Unit filename="..\..\navit\debug.c">
			<Option compilerVar="CC" />
		</Unit>
		<Unit filename="..\..\navit\debug.h" />
		<Unit filename="..\..\navit\file.c">
			<Option compilerVar="CC" />
		</Unit>
		<Unit filename="..\..\navit\file.h" />
		<Unit filename="..\..\navit\item.c">
			<Option compilerVar="CC" />
		</Unit>
		<Unit filename="..\..\navit\item.h" />
		<Unit filename="..\..\navit\map.c">
			<Option compilerVar="CC" />
		</Unit>
		<Unit filename="..\..\navit\map.h" />
		<Unit filename="..\..\navit\osm2navit.c">
			<Option compilerVar="CC" />
		</Unit>
		<Unit filename="..\..\navit\param.c">
			<Option compilerVar="CC" />
		</Unit>
		<Unit filename="..\..\navit\param.h" />
		<Unit filename="..\..\navit\plugin.c">
			<Option compilerVar="CC" />
		</Unit>
		<Unit filename="..\..\navit\plugin.h" />
		<Unit filename="..\..\navit\projection.c">
			<Option compilerVar="CC" />
		</Unit>
		<Unit filename="..\..\navit\transform.c">
			<Option compilerVar="CC" />
		</Unit>
		<Unit filename="..\..\navit\transform.h" />
		<Unit filename="Win32Extra\sys\mman.c">
			<Option compilerVar="CC" />
		</Unit>
		<Unit filename="Win32Extra\sys\mman.h" />
		<Unit filename="Win32Extra\wordexp.c">
			<Option compilerVar="CC" />
		</Unit>
		<Unit filename="Win32Extra\wordexp.h" />
		<Extensions>
			<code_completion />
			<envvars />
			<debugger />
		</Extensions>
	</Project>
</CodeBlocks_project_file>
